
Microsoft Visual Studio Solution File, Format Version 12.00
# Visual Studio Version 16
VisualStudioVersion = 16.0.29418.71
MinimumVisualStudioVersion = 10.0.40219.1
Project("{FAE04EC0-301F-11D3-BF4B-00C04F79EFBC}") = "SuperheroCreatorWebApp", "SuperheroCreatorWebApp\SuperheroCreatorWebApp.csproj", "{A608CBC0-5031-4396-AD96-506B6253F7D0}"
EndProject
Global
	GlobalSection(SolutionConfigurationPlatforms) = preSolution
		Debug|Any CPU = Debug|Any CPU
		Release|Any CPU = Release|Any CPU
	EndGlobalSection
	GlobalSection(ProjectConfigurationPlatforms) = postSolution
		{A608CBC0-5031-4396-AD96-506B6253F7D0}.Debug|Any CPU.ActiveCfg = Debug|Any CPU
		{A608CBC0-5031-4396-AD96-506B6253F7D0}.Debug|Any CPU.Build.0 = Debug|Any CPU
		{A608CBC0-5031-4396-AD96-506B6253F7D0}.Release|Any CPU.ActiveCfg = Release|Any CPU
		{A608CBC0-5031-4396-AD96-506B6253F7D0}.Release|Any CPU.Build.0 = Release|Any CPU
	EndGlobalSection
	GlobalSection(SolutionProperties) = preSolution
		HideSolutionNode = FALSE
	EndGlobalSection
	GlobalSection(ExtensibilityGlobals) = postSolution
		SolutionGuid = {7DB73ECD-F7E4-4FFC-9396-7CDF5A11237F}
	EndGlobalSection
EndGlobal
